
Microsoft Visual Studio Solution File, Format Version 12.00
VisualStudioVersion = 18.7.11822.327
MinimumVisualStudioVersion = 10.0.40219.1
Project("{2150E333-8FDC-42A3-9474-1A3956D46DE8}") = "src", "src", "{827E0CD3-B72D-47B6-A68D-7590B98EB39B}"
EndProject
Project("{FAE04EC0-301F-11D3-BF4B-00C04F79EFBC}") = "RL.NET.Core", "src\RL.NET.Core\RL.NET.Core.csproj", "{115A226C-2B6F-4D37-B4B9-236265FD0B66}"
EndProject
Project("{FAE04EC0-301F-11D3-BF4B-00C04F79EFBC}") = "RL.NET.Environments", "src\RL.NET.Environments\RL.NET.Environments.csproj", "{AC68C31C-E6E1-497D-80B5-1ED26499C1CC}"
EndProject
Project("{FAE04EC0-301F-11D3-BF4B-00C04F79EFBC}") = "RL.NET.Demo", "src\RL.NET.Demo\RL.NET.Demo.csproj", "{35AD2E58-729B-4760-A104-AC38ABC15B78}"
EndProject
Project("{2150E333-8FDC-42A3-9474-1A3956D46DE8}") = "tests", "tests", "{0AB3BF05-4346-4AA6-1389-037BE0695223}"
EndProject
Project("{FAE04EC0-301F-11D3-BF4B-00C04F79EFBC}") = "RL.NET.Tests", "tests\RL.NET.Tests\RL.NET.Tests.csproj", "{0241A206-6478-4A37-99EB-079EA9D843DC}"
EndProject
Project("{2150E333-8FDC-42A3-9474-1A3956D46DE8}") = "tools", "tools", "{07C2787E-EAC7-C090-1BA3-A61EC2A24D84}"
EndProject
Project("{FAE04EC0-301F-11D3-BF4B-00C04F79EFBC}") = "RL.NET.Bench", "tools\RL.NET.Bench\RL.NET.Bench.csproj", "{286A7BA8-0CE8-4638-86D9-8B0F924AC770}"
EndProject
Global
	GlobalSection(SolutionConfigurationPlatforms) = preSolution
		Debug|Any CPU = Debug|Any CPU
		Debug|x64 = Debug|x64
		Debug|x86 = Debug|x86
		Release|Any CPU = Release|Any CPU
		Release|x64 = Release|x64
		Release|x86 = Release|x86
	EndGlobalSection
	GlobalSection(ProjectConfigurationPlatforms) = postSolution
		{115A226C-2B6F-4D37-B4B9-236265FD0B66}.Debug|Any CPU.ActiveCfg = Debug|Any CPU
		{115A226C-2B6F-4D37-B4B9-236265FD0B66}.Debug|Any CPU.Build.0 = Debug|Any CPU
		{115A226C-2B6F-4D37-B4B9-236265FD0B66}.Debug|x64.ActiveCfg = Debug|Any CPU
		{115A226C-2B6F-4D37-B4B9-236265FD0B66}.Debug|x64.Build.0 = Debug|Any CPU
		{115A226C-2B6F-4D37-B4B9-236265FD0B66}.Debug|x86.ActiveCfg = Debug|Any CPU
		{115A226C-2B6F-4D37-B4B9-236265FD0B66}.Debug|x86.Build.0 = Debug|Any CPU
		{115A226C-2B6F-4D37-B4B9-236265FD0B66}.Release|Any CPU.ActiveCfg = Release|Any CPU
		{115A226C-2B6F-4D37-B4B9-236265FD0B66}.Release|Any CPU.Build.0 = Release|Any CPU
		{115A226C-2B6F-4D37-B4B9-236265FD0B66}.Release|x64.ActiveCfg = Release|Any CPU
		{115A226C-2B6F-4D37-B4B9-236265FD0B66}.Release|x64.Build.0 = Release|Any CPU
		{115A226C-2B6F-4D37-B4B9-236265FD0B66}.Release|x86.ActiveCfg = Release|Any CPU
		{115A226C-2B6F-4D37-B4B9-236265FD0B66}.Release|x86.Build.0 = Release|Any CPU
		{AC68C31C-E6E1-497D-80B5-1ED26499C1CC}.Debug|Any CPU.ActiveCfg = Debug|Any CPU
		{AC68C31C-E6E1-497D-80B5-1ED26499C1CC}.Debug|Any CPU.Build.0 = Debug|Any CPU
		{AC68C31C-E6E1-497D-80B5-1ED26499C1CC}.Debug|x64.ActiveCfg = Debug|Any CPU
		{AC68C31C-E6E1-497D-80B5-1ED26499C1CC}.Debug|x64.Build.0 = Debug|Any CPU
		{AC68C31C-E6E1-497D-80B5-1ED26499C1CC}.Debug|x86.ActiveCfg = Debug|Any CPU
		{AC68C31C-E6E1-497D-80B5-1ED26499C1CC}.Debug|x86.Build.0 = Debug|Any CPU
		{AC68C31C-E6E1-497D-80B5-1ED26499C1CC}.Release|Any CPU.ActiveCfg = Release|Any CPU
		{AC68C31C-E6E1-497D-80B5-1ED26499C1CC}.Release|Any CPU.Build.0 = Release|Any CPU
		{AC68C31C-E6E1-497D-80B5-1ED26499C1CC}.Release|x64.ActiveCfg = Release|Any CPU
		{AC68C31C-E6E1-497D-80B5-1ED26499C1CC}.Release|x64.Build.0 = Release|Any CPU
		{AC68C31C-E6E1-497D-80B5-1ED26499C1CC}.Release|x86.ActiveCfg = Release|Any CPU
		{AC68C31C-E6E1-497D-80B5-1ED26499C1CC}.Release|x86.Build.0 = Release|Any CPU
		{35AD2E58-729B-4760-A104-AC38ABC15B78}.Debug|Any CPU.ActiveCfg = Debug|Any CPU
		{35AD2E58-729B-4760-A104-AC38ABC15B78}.Debug|Any CPU.Build.0 = Debug|Any CPU
		{35AD2E58-729B-4760-A104-AC38ABC15B78}.Debug|x64.ActiveCfg = Debug|Any CPU
		{35AD2E58-729B-4760-A104-AC38ABC15B78}.Debug|x64.Build.0 = Debug|Any CPU
		{35AD2E58-729B-4760-A104-AC38ABC15B78}.Debug|x86.ActiveCfg = Debug|Any CPU
		{35AD2E58-729B-4760-A104-AC38ABC15B78}.Debug|x86.Build.0 = Debug|Any CPU
		{35AD2E58-729B-4760-A104-AC38ABC15B78}.Release|Any CPU.ActiveCfg = Release|Any CPU
		{35AD2E58-729B-4760-A104-AC38ABC15B78}.Release|Any CPU.Build.0 = Release|Any CPU
		{35AD2E58-729B-4760-A104-AC38ABC15B78}.Release|x64.ActiveCfg = Release|Any CPU
		{35AD2E58-729B-4760-A104-AC38ABC15B78}.Release|x64.Build.0 = Release|Any CPU
		{35AD2E58-729B-4760-A104-AC38ABC15B78}.Release|x86.ActiveCfg = Release|Any CPU
		{35AD2E58-729B-4760-A104-AC38ABC15B78}.Release|x86.Build.0 = Release|Any CPU
		{0241A206-6478-4A37-99EB-079EA9D843DC}.Debug|Any CPU.ActiveCfg = Debug|Any CPU
		{0241A206-6478-4A37-99EB-079EA9D843DC}.Debug|Any CPU.Build.0 = Debug|Any CPU
		{0241A206-6478-4A37-99EB-079EA9D843DC}.Debug|x64.ActiveCfg = Debug|Any CPU
		{0241A206-6478-4A37-99EB-079EA9D843DC}.Debug|x64.Build.0 = Debug|Any CPU
		{0241A206-6478-4A37-99EB-079EA9D843DC}.Debug|x86.ActiveCfg = Debug|Any CPU
		{0241A206-6478-4A37-99EB-079EA9D843DC}.Debug|x86.Build.0 = Debug|Any CPU
		{0241A206-6478-4A37-99EB-079EA9D843DC}.Release|Any CPU.ActiveCfg = Release|Any CPU
		{0241A206-6478-4A37-99EB-079EA9D843DC}.Release|Any CPU.Build.0 = Release|Any CPU
		{0241A206-6478-4A37-99EB-079EA9D843DC}.Release|x64.ActiveCfg = Release|Any CPU
		{0241A206-6478-4A37-99EB-079EA9D843DC}.Release|x64.Build.0 = Release|Any CPU
		{0241A206-6478-4A37-99EB-079EA9D843DC}.Release|x86.ActiveCfg = Release|Any CPU
		{0241A206-6478-4A37-99EB-079EA9D843DC}.Release|x86.Build.0 = Release|Any CPU
		{286A7BA8-0CE8-4638-86D9-8B0F924AC770}.Debug|Any CPU.ActiveCfg = Debug|Any CPU
		{286A7BA8-0CE8-4638-86D9-8B0F924AC770}.Debug|Any CPU.Build.0 = Debug|Any CPU
		{286A7BA8-0CE8-4638-86D9-8B0F924AC770}.Debug|x64.ActiveCfg = Debug|Any CPU
		{286A7BA8-0CE8-4638-86D9-8B0F924AC770}.Debug|x64.Build.0 = Debug|Any CPU
		{286A7BA8-0CE8-4638-86D9-8B0F924AC770}.Debug|x86.ActiveCfg = Debug|Any CPU
		{286A7BA8-0CE8-4638-86D9-8B0F924AC770}.Debug|x86.Build.0 = Debug|Any CPU
		{286A7BA8-0CE8-4638-86D9-8B0F924AC770}.Release|Any CPU.ActiveCfg = Release|Any CPU
		{286A7BA8-0CE8-4638-86D9-8B0F924AC770}.Release|Any CPU.Build.0 = Release|Any CPU
		{286A7BA8-0CE8-4638-86D9-8B0F924AC770}.Release|x64.ActiveCfg = Release|Any CPU
		{286A7BA8-0CE8-4638-86D9-8B0F924AC770}.Release|x64.Build.0 = Release|Any CPU
		{286A7BA8-0CE8-4638-86D9-8B0F924AC770}.Release|x86.ActiveCfg = Release|Any CPU
		{286A7BA8-0CE8-4638-86D9-8B0F924AC770}.Release|x86.Build.0 = Release|Any CPU
	EndGlobalSection
	GlobalSection(SolutionProperties) = preSolution
		HideSolutionNode = FALSE
	EndGlobalSection
	GlobalSection(NestedProjects) = preSolution
		{115A226C-2B6F-4D37-B4B9-236265FD0B66} = {827E0CD3-B72D-47B6-A68D-7590B98EB39B}
		{AC68C31C-E6E1-497D-80B5-1ED26499C1CC} = {827E0CD3-B72D-47B6-A68D-7590B98EB39B}
		{35AD2E58-729B-4760-A104-AC38ABC15B78} = {827E0CD3-B72D-47B6-A68D-7590B98EB39B}
		{0241A206-6478-4A37-99EB-079EA9D843DC} = {0AB3BF05-4346-4AA6-1389-037BE0695223}
		{286A7BA8-0CE8-4638-86D9-8B0F924AC770} = {07C2787E-EAC7-C090-1BA3-A61EC2A24D84}
	EndGlobalSection
EndGlobal
